// !$*UTF8*$!
{
	archiveVersion = 1;
	classes = {
	};
	objectVersion = 56;
	objects = {

/* Begin PBXBuildFile section */
		6D59844A2A7C1B1A00E367FE /* DSMessengerApp.swift in Sources */ = {isa = PBXBuildFile; fileRef = 6D5984492A7C1B1A00E367FE /* DSMessengerApp.swift */; };
		6D59844C2A7C1B1B00E367FE /* ContentView.swift in Sources */ = {isa = PBXBuildFile; fileRef = 6D59844B2A7C1B1B00E367FE /* ContentView.swift */; };
		6D59844E2A7C1B1B00E367FE /* Assets.xcassets in Resources */ = {isa = PBXBuildFile; fileRef = 6D59844D2A7C1B1B00E367FE /* Assets.xcassets */; };
		6D5984512A7C1B1B00E367FE /* Preview Assets.xcassets in Resources */ = {isa = PBXBuildFile; fileRef = 6D5984502A7C1B1B00E367FE /* Preview Assets.xcassets */; };
		6D5984602A7C647200E367FE /* LoginView.swift in Sources */ = {isa = PBXBuildFile; fileRef = 6D59845F2A7C647200E367FE /* LoginView.swift */; };
		6DA0C1862A83F9E3004ACD18 /* RegistrationView.swift in Sources */ = {isa = PBXBuildFile; fileRef = 6DA0C1852A83F9E3004ACD18 /* RegistrationView.swift */; };
		6DA0C1892A83FF2D004ACD18 /* InboxView.swift in Sources */ = {isa = PBXBuildFile; fileRef = 6DA0C1882A83FF2D004ACD18 /* InboxView.swift */; };
		6DA0C18C2A840402004ACD18 /* ActiveNowUsersView.swift in Sources */ = {isa = PBXBuildFile; fileRef = 6DA0C18B2A840402004ACD18 /* ActiveNowUsersView.swift */; };
		6DA0C18E2A86E9DF004ACD18 /* InboxRowView.swift in Sources */ = {isa = PBXBuildFile; fileRef = 6DA0C18D2A86E9DF004ACD18 /* InboxRowView.swift */; };
		6DA0C1932A88E728004ACD18 /* NewMessageView.swift in Sources */ = {isa = PBXBuildFile; fileRef = 6DA0C1922A88E728004ACD18 /* NewMessageView.swift */; };
		6DA0C1952A88F205004ACD18 /* ProfileView.swift in Sources */ = {isa = PBXBuildFile; fileRef = 6DA0C1942A88F205004ACD18 /* ProfileView.swift */; };
		6DA0C1982A89033B004ACD18 /* SettingsOptionsViewModel.swift in Sources */ = {isa = PBXBuildFile; fileRef = 6DA0C1972A89033B004ACD18 /* SettingsOptionsViewModel.swift */; };
		6DA0C19A2A8A2ADA004ACD18 /* ProfileViewModel.swift in Sources */ = {isa = PBXBuildFile; fileRef = 6DA0C1992A8A2ADA004ACD18 /* ProfileViewModel.swift */; };
		6DA0C19C2A8AD0D9004ACD18 /* User.swift in Sources */ = {isa = PBXBuildFile; fileRef = 6DA0C19B2A8AD0D9004ACD18 /* User.swift */; };
		6DA0C19F2A93F902004ACD18 /* CircleProfileImageView.swift in Sources */ = {isa = PBXBuildFile; fileRef = 6DA0C19E2A93F902004ACD18 /* CircleProfileImageView.swift */; };
		6DA0C1A22A9408A8004ACD18 /* ChatView.swift in Sources */ = {isa = PBXBuildFile; fileRef = 6DA0C1A12A9408A8004ACD18 /* ChatView.swift */; };
		6DA0C1A42A940C08004ACD18 /* CHatMessageCell.swift in Sources */ = {isa = PBXBuildFile; fileRef = 6DA0C1A32A940C08004ACD18 /* CHatMessageCell.swift */; };
		6DA0C1A62A94129F004ACD18 /* ChatBubble.swift in Sources */ = {isa = PBXBuildFile; fileRef = 6DA0C1A52A94129F004ACD18 /* ChatBubble.swift */; };
		6DA0C1A82A957BE1004ACD18 /* GoogleService-Info.plist in Resources */ = {isa = PBXBuildFile; fileRef = 6DA0C1A72A957BE1004ACD18 /* GoogleService-Info.plist */; };
		6DA0C1AB2A957D25004ACD18 /* FirebaseAuth in Frameworks */ = {isa = PBXBuildFile; productRef = 6DA0C1AA2A957D25004ACD18 /* FirebaseAuth */; };
		6DA0C1AD2A957D25004ACD18 /* FirebaseCrashlytics in Frameworks */ = {isa = PBXBuildFile; productRef = 6DA0C1AC2A957D25004ACD18 /* FirebaseCrashlytics */; };
		6DA0C1AF2A957D25004ACD18 /* FirebaseFirestore in Frameworks */ = {isa = PBXBuildFile; productRef = 6DA0C1AE2A957D25004ACD18 /* FirebaseFirestore */; };
		6DA0C1B12A957D25004ACD18 /* FirebaseFirestoreSwift in Frameworks */ = {isa = PBXBuildFile; productRef = 6DA0C1B02A957D25004ACD18 /* FirebaseFirestoreSwift */; };
		6DA0C1B32A957D25004ACD18 /* FirebaseStorage in Frameworks */ = {isa = PBXBuildFile; productRef = 6DA0C1B22A957D25004ACD18 /* FirebaseStorage */; };
		6DA0C1B72A9BDFB4004ACD18 /* LoginViewModel.swift in Sources */ = {isa = PBXBuildFile; fileRef = 6DA0C1B62A9BDFB4004ACD18 /* LoginViewModel.swift */; };
		6DA0C1B92A9BDFE3004ACD18 /* RegistrationViewModel.swift in Sources */ = {isa = PBXBuildFile; fileRef = 6DA0C1B82A9BDFE3004ACD18 /* RegistrationViewModel.swift */; };
		6DA0C1BB2A9BE004004ACD18 /* AuthService.swift in Sources */ = {isa = PBXBuildFile; fileRef = 6DA0C1BA2A9BE004004ACD18 /* AuthService.swift */; };
		6DA0C1BF2A9BEFC1004ACD18 /* ContentViewModel.swift in Sources */ = {isa = PBXBuildFile; fileRef = 6DA0C1BE2A9BEFC1004ACD18 /* ContentViewModel.swift */; };
		6DA0C1C12AAD4302004ACD18 /* UserService.swift in Sources */ = {isa = PBXBuildFile; fileRef = 6DA0C1C02AAD4302004ACD18 /* UserService.swift */; };
/* End PBXBuildFile section */

/* Begin PBXFileReference section */
		6D5984462A7C1B1A00E367FE /* DSMessenger.app */ = {isa = PBXFileReference; explicitFileType = wrapper.application; includeInIndex = 0; path = DSMessenger.app; sourceTree = BUILT_PRODUCTS_DIR; };
		6D5984492A7C1B1A00E367FE /* DSMessengerApp.swift */ = {isa = PBXFileReference; lastKnownFileType = sourcecode.swift; path = DSMessengerApp.swift; sourceTree = "<group>"; };
		6D59844B2A7C1B1B00E367FE /* ContentView.swift */ = {isa = PBXFileReference; lastKnownFileType = sourcecode.swift; path = ContentView.swift; sourceTree = "<group>"; };
		6D59844D2A7C1B1B00E367FE /* Assets.xcassets */ = {isa = PBXFileReference; lastKnownFileType = folder.assetcatalog; path = Assets.xcassets; sourceTree = "<group>"; };
		6D5984502A7C1B1B00E367FE /* Preview Assets.xcassets */ = {isa = PBXFileReference; lastKnownFileType = folder.assetcatalog; path = "Preview Assets.xcassets"; sourceTree = "<group>"; };
		6D59845F2A7C647200E367FE /* LoginView.swift */ = {isa = PBXFileReference; lastKnownFileType = sourcecode.swift; path = LoginView.swift; sourceTree = "<group>"; };
		6DA0C1852A83F9E3004ACD18 /* RegistrationView.swift */ = {isa = PBXFileReference; lastKnownFileType = sourcecode.swift; path = RegistrationView.swift; sourceTree = "<group>"; };
		6DA0C1882A83FF2D004ACD18 /* InboxView.swift */ = {isa = PBXFileReference; lastKnownFileType = sourcecode.swift; path = InboxView.swift; sourceTree = "<group>"; };
		6DA0C18B2A840402004ACD18 /* ActiveNowUsersView.swift */ = {isa = PBXFileReference; lastKnownFileType = sourcecode.swift; path = ActiveNowUsersView.swift; sourceTree = "<group>"; };
		6DA0C18D2A86E9DF004ACD18 /* InboxRowView.swift */ = {isa = PBXFileReference; lastKnownFileType = sourcecode.swift; path = InboxRowView.swift; sourceTree = "<group>"; };
		6DA0C1922A88E728004ACD18 /* NewMessageView.swift */ = {isa = PBXFileReference; lastKnownFileType = sourcecode.swift; path = NewMessageView.swift; sourceTree = "<group>"; };
		6DA0C1942A88F205004ACD18 /* ProfileView.swift */ = {isa = PBXFileReference; lastKnownFileType = sourcecode.swift; path = ProfileView.swift; sourceTree = "<group>"; };
		6DA0C1972A89033B004ACD18 /* SettingsOptionsViewModel.swift */ = {isa = PBXFileReference; lastKnownFileType = sourcecode.swift; path = SettingsOptionsViewModel.swift; sourceTree = "<group>"; };
		6DA0C1992A8A2ADA004ACD18 /* ProfileViewModel.swift */ = {isa = PBXFileReference; lastKnownFileType = sourcecode.swift; path = ProfileViewModel.swift; sourceTree = "<group>"; };
		6DA0C19B2A8AD0D9004ACD18 /* User.swift */ = {isa = PBXFileReference; lastKnownFileType = sourcecode.swift; path = User.swift; sourceTree = "<group>"; };
		6DA0C19E2A93F902004ACD18 /* CircleProfileImageView.swift */ = {isa = PBXFileReference; lastKnownFileType = sourcecode.swift; path = CircleProfileImageView.swift; sourceTree = "<group>"; };
		6DA0C1A12A9408A8004ACD18 /* ChatView.swift */ = {isa = PBXFileReference; lastKnownFileType = sourcecode.swift; path = ChatView.swift; sourceTree = "<group>"; };
		6DA0C1A32A940C08004ACD18 /* CHatMessageCell.swift */ = {isa = PBXFileReference; lastKnownFileType = sourcecode.swift; path = CHatMessageCell.swift; sourceTree = "<group>"; };
		6DA0C1A52A94129F004ACD18 /* ChatBubble.swift */ = {isa = PBXFileReference; lastKnownFileType = sourcecode.swift; path = ChatBubble.swift; sourceTree = "<group>"; };
		6DA0C1A72A957BE1004ACD18 /* GoogleService-Info.plist */ = {isa = PBXFileReference; fileEncoding = 4; lastKnownFileType = text.plist.xml; path = "GoogleService-Info.plist"; sourceTree = "<group>"; };
		6DA0C1B62A9BDFB4004ACD18 /* LoginViewModel.swift */ = {isa = PBXFileReference; lastKnownFileType = sourcecode.swift; path = LoginViewModel.swift; sourceTree = "<group>"; };
		6DA0C1B82A9BDFE3004ACD18 /* RegistrationViewModel.swift */ = {isa = PBXFileReference; lastKnownFileType = sourcecode.swift; path = RegistrationViewModel.swift; sourceTree = "<group>"; };
		6DA0C1BA2A9BE004004ACD18 /* AuthService.swift */ = {isa = PBXFileReference; lastKnownFileType = sourcecode.swift; path = AuthService.swift; sourceTree = "<group>"; };
		6DA0C1BE2A9BEFC1004ACD18 /* ContentViewModel.swift */ = {isa = PBXFileReference; lastKnownFileType = sourcecode.swift; path = ContentViewModel.swift; sourceTree = "<group>"; };
		6DA0C1C02AAD4302004ACD18 /* UserService.swift */ = {isa = PBXFileReference; lastKnownFileType = sourcecode.swift; path = UserService.swift; sourceTree = "<group>"; };
/* End PBXFileReference section */

/* Begin PBXFrameworksBuildPhase section */
		6D5984432A7C1B1A00E367FE /* Frameworks */ = {
			isa = PBXFrameworksBuildPhase;
			buildActionMask = 2147483647;
			files = (
				6DA0C1AB2A957D25004ACD18 /* FirebaseAuth in Frameworks */,
				6DA0C1AD2A957D25004ACD18 /* FirebaseCrashlytics in Frameworks */,
				6DA0C1AF2A957D25004ACD18 /* FirebaseFirestore in Frameworks */,
				6DA0C1B32A957D25004ACD18 /* FirebaseStorage in Frameworks */,
				6DA0C1B12A957D25004ACD18 /* FirebaseFirestoreSwift in Frameworks */,
			);
			runOnlyForDeploymentPostprocessing = 0;
		};
/* End PBXFrameworksBuildPhase section */

/* Begin PBXGroup section */
		6D59843D2A7C1B1A00E367FE = {
			isa = PBXGroup;
			children = (
				6D5984482A7C1B1A00E367FE /* DSMessenger */,
				6D5984472A7C1B1A00E367FE /* Products */,
			);
			sourceTree = "<group>";
		};
		6D5984472A7C1B1A00E367FE /* Products */ = {
			isa = PBXGroup;
			children = (
				6D5984462A7C1B1A00E367FE /* DSMessenger.app */,
			);
			name = Products;
			sourceTree = "<group>";
		};
		6D5984482A7C1B1A00E367FE /* DSMessenger */ = {
			isa = PBXGroup;
			children = (
				6D5984572A7C63C300E367FE /* App */,
				6DA0C1822A8190DC004ACD18 /* CustomViews */,
				6D5984592A7C63E300E367FE /* Core */,
				6D5984582A7C63D600E367FE /* Extensions */,
				6D59845A2A7C63EF00E367FE /* Model */,
				6D59845B2A7C63FD00E367FE /* Service */,
				6DA0C1A72A957BE1004ACD18 /* GoogleService-Info.plist */,
				6D59844D2A7C1B1B00E367FE /* Assets.xcassets */,
				6D59844F2A7C1B1B00E367FE /* Preview Content */,
			);
			path = DSMessenger;
			sourceTree = "<group>";
		};
		6D59844F2A7C1B1B00E367FE /* Preview Content */ = {
			isa = PBXGroup;
			children = (
				6D5984502A7C1B1B00E367FE /* Preview Assets.xcassets */,
			);
			path = "Preview Content";
			sourceTree = "<group>";
		};
		6D5984572A7C63C300E367FE /* App */ = {
			isa = PBXGroup;
			children = (
				6D5984492A7C1B1A00E367FE /* DSMessengerApp.swift */,
			);
			path = App;
			sourceTree = "<group>";
		};
		6D5984582A7C63D600E367FE /* Extensions */ = {
			isa = PBXGroup;
			children = (
			);
			path = Extensions;
			sourceTree = "<group>";
		};
		6D5984592A7C63E300E367FE /* Core */ = {
			isa = PBXGroup;
			children = (
				6DA0C1A02A94089F004ACD18 /* Chat */,
				6DA0C19D2A93F8BF004ACD18 /* Components */,
				6DA0C18A2A8403E5004ACD18 /* ActiveNowUsers */,
				6D59845C2A7C641B00E367FE /* Authentication */,
				6DA0C1872A83FEEB004ACD18 /* Inbox */,
				6DA0C1912A88E6ED004ACD18 /* NewMessage */,
				6DA0C18F2A882C97004ACD18 /* Profile */,
				6D59845D2A7C642A00E367FE /* Root */,
			);
			path = Core;
			sourceTree = "<group>";
		};
		6D59845A2A7C63EF00E367FE /* Model */ = {
			isa = PBXGroup;
			children = (
				6DA0C19B2A8AD0D9004ACD18 /* User.swift */,
			);
			path = Model;
			sourceTree = "<group>";
		};
		6D59845B2A7C63FD00E367FE /* Service */ = {
			isa = PBXGroup;
			children = (
				6DA0C1C02AAD4302004ACD18 /* UserService.swift */,
			);
			path = Service;
			sourceTree = "<group>";
		};
		6D59845C2A7C641B00E367FE /* Authentication */ = {
			isa = PBXGroup;
			children = (
				6DA0C1B42A9BDF95004ACD18 /* Service */,
				6DA0C1B52A9BDF9D004ACD18 /* ViewModels */,
				6D59845E2A7C646000E367FE /* View */,
			);
			path = Authentication;
			sourceTree = "<group>";
		};
		6D59845D2A7C642A00E367FE /* Root */ = {
			isa = PBXGroup;
			children = (
				6DA0C1BD2A9BEFA5004ACD18 /* ViewModel */,
				6DA0C1BC2A9BEF9E004ACD18 /* VIew */,
			);
			path = Root;
			sourceTree = "<group>";
		};
		6D59845E2A7C646000E367FE /* View */ = {
			isa = PBXGroup;
			children = (
				6D59845F2A7C647200E367FE /* LoginView.swift */,
				6DA0C1852A83F9E3004ACD18 /* RegistrationView.swift */,
			);
			path = View;
			sourceTree = "<group>";
		};
		6DA0C1822A8190DC004ACD18 /* CustomViews */ = {
			isa = PBXGroup;
			children = (
			);
			path = CustomViews;
			sourceTree = "<group>";
		};
		6DA0C1872A83FEEB004ACD18 /* Inbox */ = {
			isa = PBXGroup;
			children = (
				6DA0C1882A83FF2D004ACD18 /* InboxView.swift */,
				6DA0C18D2A86E9DF004ACD18 /* InboxRowView.swift */,
			);
			path = Inbox;
			sourceTree = "<group>";
		};
		6DA0C18A2A8403E5004ACD18 /* ActiveNowUsers */ = {
			isa = PBXGroup;
			children = (
				6DA0C18B2A840402004ACD18 /* ActiveNowUsersView.swift */,
			);
			path = ActiveNowUsers;
			sourceTree = "<group>";
		};
		6DA0C18F2A882C97004ACD18 /* Profile */ = {
			isa = PBXGroup;
			children = (
				6DA0C1962A8902A8004ACD18 /* ViewModel */,
				6DA0C1902A882CA3004ACD18 /* View */,
			);
			path = Profile;
			sourceTree = "<group>";
		};
		6DA0C1902A882CA3004ACD18 /* View */ = {
			isa = PBXGroup;
			children = (
				6DA0C1942A88F205004ACD18 /* ProfileView.swift */,
			);
			path = View;
			sourceTree = "<group>";
		};
		6DA0C1912A88E6ED004ACD18 /* NewMessage */ = {
			isa = PBXGroup;
			children = (
				6DA0C1922A88E728004ACD18 /* NewMessageView.swift */,
			);
			path = NewMessage;
			sourceTree = "<group>";
		};
		6DA0C1962A8902A8004ACD18 /* ViewModel */ = {
			isa = PBXGroup;
			children = (
				6DA0C1972A89033B004ACD18 /* SettingsOptionsViewModel.swift */,
				6DA0C1992A8A2ADA004ACD18 /* ProfileViewModel.swift */,
			);
			path = ViewModel;
			sourceTree = "<group>";
		};
		6DA0C19D2A93F8BF004ACD18 /* Components */ = {
			isa = PBXGroup;
			children = (
				6DA0C19E2A93F902004ACD18 /* CircleProfileImageView.swift */,
			);
			path = Components;
			sourceTree = "<group>";
		};
		6DA0C1A02A94089F004ACD18 /* Chat */ = {
			isa = PBXGroup;
			children = (
				6DA0C1A12A9408A8004ACD18 /* ChatView.swift */,
				6DA0C1A32A940C08004ACD18 /* CHatMessageCell.swift */,
				6DA0C1A52A94129F004ACD18 /* ChatBubble.swift */,
			);
			path = Chat;
			sourceTree = "<group>";
		};
		6DA0C1B42A9BDF95004ACD18 /* Service */ = {
			isa = PBXGroup;
			children = (
				6DA0C1BA2A9BE004004ACD18 /* AuthService.swift */,
			);
			path = Service;
			sourceTree = "<group>";
		};
		6DA0C1B52A9BDF9D004ACD18 /* ViewModels */ = {
			isa = PBXGroup;
			children = (
				6DA0C1B62A9BDFB4004ACD18 /* LoginViewModel.swift */,
				6DA0C1B82A9BDFE3004ACD18 /* RegistrationViewModel.swift */,
			);
			path = ViewModels;
			sourceTree = "<group>";
		};
		6DA0C1BC2A9BEF9E004ACD18 /* VIew */ = {
			isa = PBXGroup;
			children = (
				6D59844B2A7C1B1B00E367FE /* ContentView.swift */,
			);
			path = VIew;
			sourceTree = "<group>";
		};
		6DA0C1BD2A9BEFA5004ACD18 /* ViewModel */ = {
			isa = PBXGroup;
			children = (
				6DA0C1BE2A9BEFC1004ACD18 /* ContentViewModel.swift */,
			);
			path = ViewModel;
			sourceTree = "<group>";
		};
/* End PBXGroup section */

/* Begin PBXNativeTarget section */
		6D5984452A7C1B1A00E367FE /* DSMessenger */ = {
			isa = PBXNativeTarget;
			buildConfigurationList = 6D5984542A7C1B1B00E367FE /* Build configuration list for PBXNativeTarget "DSMessenger" */;
			buildPhases = (
				6D5984422A7C1B1A00E367FE /* Sources */,
				6D5984432A7C1B1A00E367FE /* Frameworks */,
				6D5984442A7C1B1A00E367FE /* Resources */,
			);
			buildRules = (
			);
			dependencies = (
			);
			name = DSMessenger;
			packageProductDependencies = (
				6DA0C1AA2A957D25004ACD18 /* FirebaseAuth */,
				6DA0C1AC2A957D25004ACD18 /* FirebaseCrashlytics */,
				6DA0C1AE2A957D25004ACD18 /* FirebaseFirestore */,
				6DA0C1B02A957D25004ACD18 /* FirebaseFirestoreSwift */,
				6DA0C1B22A957D25004ACD18 /* FirebaseStorage */,
			);
			productName = DSMessenger;
			productReference = 6D5984462A7C1B1A00E367FE /* DSMessenger.app */;
			productType = "com.apple.product-type.application";
		};
/* End PBXNativeTarget section */

/* Begin PBXProject section */
		6D59843E2A7C1B1A00E367FE /* Project object */ = {
			isa = PBXProject;
			attributes = {
				BuildIndependentTargetsInParallel = 1;
				LastSwiftUpdateCheck = 1430;
				LastUpgradeCheck = 1430;
				TargetAttributes = {
					6D5984452A7C1B1A00E367FE = {
						CreatedOnToolsVersion = 14.3;
					};
				};
			};
			buildConfigurationList = 6D5984412A7C1B1A00E367FE /* Build configuration list for PBXProject "DSMessenger" */;
			compatibilityVersion = "Xcode 14.0";
			developmentRegion = en;
			hasScannedForEncodings = 0;
			knownRegions = (
				en,
				Base,
			);
			mainGroup = 6D59843D2A7C1B1A00E367FE;
			packageReferences = (
				6DA0C1A92A957D25004ACD18 /* XCRemoteSwiftPackageReference "firebase-ios-sdk" */,
			);
			productRefGroup = 6D5984472A7C1B1A00E367FE /* Products */;
			projectDirPath = "";
			projectRoot = "";
			targets = (
				6D5984452A7C1B1A00E367FE /* DSMessenger */,
			);
		};
/* End PBXProject section */

/* Begin PBXResourcesBuildPhase section */
		6D5984442A7C1B1A00E367FE /* Resources */ = {
			isa = PBXResourcesBuildPhase;
			buildActionMask = 2147483647;
			files = (
				6D5984512A7C1B1B00E367FE /* Preview Assets.xcassets in Resources */,
				6D59844E2A7C1B1B00E367FE /* Assets.xcassets in Resources */,
				6DA0C1A82A957BE1004ACD18 /* GoogleService-Info.plist in Resources */,
			);
			runOnlyForDeploymentPostprocessing = 0;
		};
/* End PBXResourcesBuildPhase section */

/* Begin PBXSourcesBuildPhase section */
		6D5984422A7C1B1A00E367FE /* Sources */ = {
			isa = PBXSourcesBuildPhase;
			buildActionMask = 2147483647;
			files = (
				6DA0C18E2A86E9DF004ACD18 /* InboxRowView.swift in Sources */,
				6DA0C1B92A9BDFE3004ACD18 /* RegistrationViewModel.swift in Sources */,
				6DA0C1952A88F205004ACD18 /* ProfileView.swift in Sources */,
				6DA0C1932A88E728004ACD18 /* NewMessageView.swift in Sources */,
				6DA0C1BF2A9BEFC1004ACD18 /* ContentViewModel.swift in Sources */,
				6D5984602A7C647200E367FE /* LoginView.swift in Sources */,
				6DA0C1A22A9408A8004ACD18 /* ChatView.swift in Sources */,
				6DA0C1BB2A9BE004004ACD18 /* AuthService.swift in Sources */,
				6D59844C2A7C1B1B00E367FE /* ContentView.swift in Sources */,
				6DA0C18C2A840402004ACD18 /* ActiveNowUsersView.swift in Sources */,
				6DA0C1A62A94129F004ACD18 /* ChatBubble.swift in Sources */,
				6DA0C1A42A940C08004ACD18 /* CHatMessageCell.swift in Sources */,
				6DA0C1892A83FF2D004ACD18 /* InboxView.swift in Sources */,
				6DA0C1B72A9BDFB4004ACD18 /* LoginViewModel.swift in Sources */,
				6DA0C1C12AAD4302004ACD18 /* UserService.swift in Sources */,
				6DA0C19A2A8A2ADA004ACD18 /* ProfileViewModel.swift in Sources */,
				6DA0C19C2A8AD0D9004ACD18 /* User.swift in Sources */,
				6D59844A2A7C1B1A00E367FE /* DSMessengerApp.swift in Sources */,
				6DA0C19F2A93F902004ACD18 /* CircleProfileImageView.swift in Sources */,
				6DA0C1982A89033B004ACD18 /* SettingsOptionsViewModel.swift in Sources */,
				6DA0C1862A83F9E3004ACD18 /* RegistrationView.swift in Sources */,
			);
			runOnlyForDeploymentPostprocessing = 0;
		};
/* End PBXSourcesBuildPhase section */

/* Begin XCBuildConfiguration section */
		6D5984522A7C1B1B00E367FE /* Debug */ = {
			isa = XCBuildConfiguration;
			buildSettings = {
				ALWAYS_SEARCH_USER_PATHS = NO;
				CLANG_ANALYZER_NONNULL = YES;
				CLANG_ANALYZER_NUMBER_OBJECT_CONVERSION = YES_AGGRESSIVE;
				CLANG_CXX_LANGUAGE_STANDARD = "gnu++20";
				CLANG_ENABLE_MODULES = YES;
				CLANG_ENABLE_OBJC_ARC = YES;
				CLANG_ENABLE_OBJC_WEAK = YES;
				CLANG_WARN_BLOCK_CAPTURE_AUTORELEASING = YES;
				CLANG_WARN_BOOL_CONVERSION = YES;
				CLANG_WARN_COMMA = YES;
				CLANG_WARN_CONSTANT_CONVERSION = YES;
				CLANG_WARN_DEPRECATED_OBJC_IMPLEMENTATIONS = YES;
				CLANG_WARN_DIRECT_OBJC_ISA_USAGE = YES_ERROR;
				CLANG_WARN_DOCUMENTATION_COMMENTS = YES;
				CLANG_WARN_EMPTY_BODY = YES;
				CLANG_WARN_ENUM_CONVERSION = YES;
				CLANG_WARN_INFINITE_RECURSION = YES;
				CLANG_WARN_INT_CONVERSION = YES;
				CLANG_WARN_NON_LITERAL_NULL_CONVERSION = YES;
				CLANG_WARN_OBJC_IMPLICIT_RETAIN_SELF = YES;
				CLANG_WARN_OBJC_LITERAL_CONVERSION = YES;
				CLANG_WARN_OBJC_ROOT_CLASS = YES_ERROR;
				CLANG_WARN_QUOTED_INCLUDE_IN_FRAMEWORK_HEADER = YES;
				CLANG_WARN_RANGE_LOOP_ANALYSIS = YES;
				CLANG_WARN_STRICT_PROTOTYPES = YES;
				CLANG_WARN_SUSPICIOUS_MOVE = YES;
				CLANG_WARN_UNGUARDED_AVAILABILITY = YES_AGGRESSIVE;
				CLANG_WARN_UNREACHABLE_CODE = YES;
				CLANG_WARN__DUPLICATE_METHOD_MATCH = YES;
				COPY_PHASE_STRIP = NO;
				DEBUG_INFORMATION_FORMAT = dwarf;
				ENABLE_STRICT_OBJC_MSGSEND = YES;
				ENABLE_TESTABILITY = YES;
				GCC_C_LANGUAGE_STANDARD = gnu11;
				GCC_DYNAMIC_NO_PIC = NO;
				GCC_NO_COMMON_BLOCKS = YES;
				GCC_OPTIMIZATION_LEVEL = 0;
				GCC_PREPROCESSOR_DEFINITIONS = (
					"DEBUG=1",
					"$(inherited)",
				);
				GCC_WARN_64_TO_32_BIT_CONVERSION = YES;
				GCC_WARN_ABOUT_RETURN_TYPE = YES_ERROR;
				GCC_WARN_UNDECLARED_SELECTOR = YES;
				GCC_WARN_UNINITIALIZED_AUTOS = YES_AGGRESSIVE;
				GCC_WARN_UNUSED_FUNCTION = YES;
				GCC_WARN_UNUSED_VARIABLE = YES;
				IPHONEOS_DEPLOYMENT_TARGET = 16.4;
				MTL_ENABLE_DEBUG_INFO = INCLUDE_SOURCE;
				MTL_FAST_MATH = YES;
				ONLY_ACTIVE_ARCH = YES;
				SDKROOT = iphoneos;
				SWIFT_ACTIVE_COMPILATION_CONDITIONS = DEBUG;
				SWIFT_OPTIMIZATION_LEVEL = "-Onone";
			};
			name = Debug;
		};
		6D5984532A7C1B1B00E367FE /* Release */ = {
			isa = XCBuildConfiguration;
			buildSettings = {
				ALWAYS_SEARCH_USER_PATHS = NO;
				CLANG_ANALYZER_NONNULL = YES;
				CLANG_ANALYZER_NUMBER_OBJECT_CONVERSION = YES_AGGRESSIVE;
				CLANG_CXX_LANGUAGE_STANDARD = "gnu++20";
				CLANG_ENABLE_MODULES = YES;
				CLANG_ENABLE_OBJC_ARC = YES;
				CLANG_ENABLE_OBJC_WEAK = YES;
				CLANG_WARN_BLOCK_CAPTURE_AUTORELEASING = YES;
				CLANG_WARN_BOOL_CONVERSION = YES;
				CLANG_WARN_COMMA = YES;
				CLANG_WARN_CONSTANT_CONVERSION = YES;
				CLANG_WARN_DEPRECATED_OBJC_IMPLEMENTATIONS = YES;
				CLANG_WARN_DIRECT_OBJC_ISA_USAGE = YES_ERROR;
				CLANG_WARN_DOCUMENTATION_COMMENTS = YES;
				CLANG_WARN_EMPTY_BODY = YES;
				CLANG_WARN_ENUM_CONVERSION = YES;
				CLANG_WARN_INFINITE_RECURSION = YES;
				CLANG_WARN_INT_CONVERSION = YES;
				CLANG_WARN_NON_LITERAL_NULL_CONVERSION = YES;
				CLANG_WARN_OBJC_IMPLICIT_RETAIN_SELF = YES;
				CLANG_WARN_OBJC_LITERAL_CONVERSION = YES;
				CLANG_WARN_OBJC_ROOT_CLASS = YES_ERROR;
				CLANG_WARN_QUOTED_INCLUDE_IN_FRAMEWORK_HEADER = YES;
				CLANG_WARN_RANGE_LOOP_ANALYSIS = YES;
				CLANG_WARN_STRICT_PROTOTYPES = YES;
				CLANG_WARN_SUSPICIOUS_MOVE = YES;
				CLANG_WARN_UNGUARDED_AVAILABILITY = YES_AGGRESSIVE;
				CLANG_WARN_UNREACHABLE_CODE = YES;
				CLANG_WARN__DUPLICATE_METHOD_MATCH = YES;
				COPY_PHASE_STRIP = NO;
				DEBUG_INFORMATION_FORMAT = "dwarf-with-dsym";
				ENABLE_NS_ASSERTIONS = NO;
				ENABLE_STRICT_OBJC_MSGSEND = YES;
				GCC_C_LANGUAGE_STANDARD = gnu11;
				GCC_NO_COMMON_BLOCKS = YES;
				GCC_WARN_64_TO_32_BIT_CONVERSION = YES;
				GCC_WARN_ABOUT_RETURN_TYPE = YES_ERROR;
				GCC_WARN_UNDECLARED_SELECTOR = YES;
				GCC_WARN_UNINITIALIZED_AUTOS = YES_AGGRESSIVE;
				GCC_WARN_UNUSED_FUNCTION = YES;
				GCC_WARN_UNUSED_VARIABLE = YES;
				IPHONEOS_DEPLOYMENT_TARGET = 16.4;
				MTL_ENABLE_DEBUG_INFO = NO;
				MTL_FAST_MATH = YES;
				SDKROOT = iphoneos;
				SWIFT_COMPILATION_MODE = wholemodule;
				SWIFT_OPTIMIZATION_LEVEL = "-O";
				VALIDATE_PRODUCT = YES;
			};
			name = Release;
		};
		6D5984552A7C1B1B00E367FE /* Debug */ = {
			isa = XCBuildConfiguration;
			buildSettings = {
				ASSETCATALOG_COMPILER_APPICON_NAME = AppIcon;
				ASSETCATALOG_COMPILER_GLOBAL_ACCENT_COLOR_NAME = AccentColor;
				CODE_SIGN_STYLE = Automatic;
				CURRENT_PROJECT_VERSION = 1;
				DEVELOPMENT_ASSET_PATHS = "\"DSMessenger/Preview Content\"";
				DEVELOPMENT_TEAM = P4MDXR8V44;
				ENABLE_PREVIEWS = YES;
				GENERATE_INFOPLIST_FILE = YES;
				INFOPLIST_KEY_UIApplicationSceneManifest_Generation = YES;
				INFOPLIST_KEY_UIApplicationSupportsIndirectInputEvents = YES;
				INFOPLIST_KEY_UILaunchScreen_Generation = YES;
				INFOPLIST_KEY_UISupportedInterfaceOrientations_iPad = "UIInterfaceOrientationPortrait UIInterfaceOrientationPortraitUpsideDown UIInterfaceOrientationLandscapeLeft UIInterfaceOrientationLandscapeRight";
				INFOPLIST_KEY_UISupportedInterfaceOrientations_iPhone = "UIInterfaceOrientationPortrait UIInterfaceOrientationLandscapeLeft UIInterfaceOrientationLandscapeRight";
				LD_RUNPATH_SEARCH_PATHS = (
					"$(inherited)",
					"@executable_path/Frameworks",
				);
				MARKETING_VERSION = 1.0;
				PRODUCT_BUNDLE_IDENTIFIER = com.rodadev.DSMessenger;
				PRODUCT_NAME = "$(TARGET_NAME)";
				SWIFT_EMIT_LOC_STRINGS = YES;
				SWIFT_VERSION = 5.0;
				TARGETED_DEVICE_FAMILY = "1,2";
			};
			name = Debug;
		};
		6D5984562A7C1B1B00E367FE /* Release */ = {
			isa = XCBuildConfiguration;
			buildSettings = {
				ASSETCATALOG_COMPILER_APPICON_NAME = AppIcon;
				ASSETCATALOG_COMPILER_GLOBAL_ACCENT_COLOR_NAME = AccentColor;
				CODE_SIGN_STYLE = Automatic;
				CURRENT_PROJECT_VERSION = 1;
				DEVELOPMENT_ASSET_PATHS = "\"DSMessenger/Preview Content\"";
				DEVELOPMENT_TEAM = P4MDXR8V44;
				ENABLE_PREVIEWS = YES;
				GENERATE_INFOPLIST_FILE = YES;
				INFOPLIST_KEY_UIApplicationSceneManifest_Generation = YES;
				INFOPLIST_KEY_UIApplicationSupportsIndirectInputEvents = YES;
				INFOPLIST_KEY_UILaunchScreen_Generation = YES;
				INFOPLIST_KEY_UISupportedInterfaceOrientations_iPad = "UIInterfaceOrientationPortrait UIInterfaceOrientationPortraitUpsideDown UIInterfaceOrientationLandscapeLeft UIInterfaceOrientationLandscapeRight";
				INFOPLIST_KEY_UISupportedInterfaceOrientations_iPhone = "UIInterfaceOrientationPortrait UIInterfaceOrientationLandscapeLeft UIInterfaceOrientationLandscapeRight";
				LD_RUNPATH_SEARCH_PATHS = (
					"$(inherited)",
					"@executable_path/Frameworks",
				);
				MARKETING_VERSION = 1.0;
				PRODUCT_BUNDLE_IDENTIFIER = com.rodadev.DSMessenger;
				PRODUCT_NAME = "$(TARGET_NAME)";
				SWIFT_EMIT_LOC_STRINGS = YES;
				SWIFT_VERSION = 5.0;
				TARGETED_DEVICE_FAMILY = "1,2";
			};
			name = Release;
		};
/* End XCBuildConfiguration section */

/* Begin XCConfigurationList section */
		6D5984412A7C1B1A00E367FE /* Build configuration list for PBXProject "DSMessenger" */ = {
			isa = XCConfigurationList;
			buildConfigurations = (
				6D5984522A7C1B1B00E367FE /* Debug */,
				6D5984532A7C1B1B00E367FE /* Release */,
			);
			defaultConfigurationIsVisible = 0;
			defaultConfigurationName = Release;
		};
		6D5984542A7C1B1B00E367FE /* Build configuration list for PBXNativeTarget "DSMessenger" */ = {
			isa = XCConfigurationList;
			buildConfigurations = (
				6D5984552A7C1B1B00E367FE /* Debug */,
				6D5984562A7C1B1B00E367FE /* Release */,
			);
			defaultConfigurationIsVisible = 0;
			defaultConfigurationName = Release;
		};
/* End XCConfigurationList section */

/* Begin XCRemoteSwiftPackageReference section */
		6DA0C1A92A957D25004ACD18 /* XCRemoteSwiftPackageReference "firebase-ios-sdk" */ = {
			isa = XCRemoteSwiftPackageReference;
			repositoryURL = "https://github.com/firebase/firebase-ios-sdk";
			requirement = {
				kind = upToNextMajorVersion;
				minimumVersion = 10.0.0;
			};
		};
/* End XCRemoteSwiftPackageReference section */

/* Begin XCSwiftPackageProductDependency section */
		6DA0C1AA2A957D25004ACD18 /* FirebaseAuth */ = {
			isa = XCSwiftPackageProductDependency;
			package = 6DA0C1A92A957D25004ACD18 /* XCRemoteSwiftPackageReference "firebase-ios-sdk" */;
			productName = FirebaseAuth;
		};
		6DA0C1AC2A957D25004ACD18 /* FirebaseCrashlytics */ = {
			isa = XCSwiftPackageProductDependency;
			package = 6DA0C1A92A957D25004ACD18 /* XCRemoteSwiftPackageReference "firebase-ios-sdk" */;
			productName = FirebaseCrashlytics;
		};
		6DA0C1AE2A957D25004ACD18 /* FirebaseFirestore */ = {
			isa = XCSwiftPackageProductDependency;
			package = 6DA0C1A92A957D25004ACD18 /* XCRemoteSwiftPackageReference "firebase-ios-sdk" */;
			productName = FirebaseFirestore;
		};
		6DA0C1B02A957D25004ACD18 /* FirebaseFirestoreSwift */ = {
			isa = XCSwiftPackageProductDependency;
			package = 6DA0C1A92A957D25004ACD18 /* XCRemoteSwiftPackageReference "firebase-ios-sdk" */;
			productName = FirebaseFirestoreSwift;
		};
		6DA0C1B22A957D25004ACD18 /* FirebaseStorage */ = {
			isa = XCSwiftPackageProductDependency;
			package = 6DA0C1A92A957D25004ACD18 /* XCRemoteSwiftPackageReference "firebase-ios-sdk" */;
			productName = FirebaseStorage;
		};
/* End XCSwiftPackageProductDependency section */
	};
	rootObject = 6D59843E2A7C1B1A00E367FE /* Project object */;
}
